
Microsoft Visual Studio Solution File, Format Version 12.00
# Visual Studio 15
VisualStudioVersion = 15.0.27004.2005
MinimumVisualStudioVersion = 10.0.40219.1
Project("{8BC9CEB8-8B4A-11D0-8D11-00A0C91BC942}") = "DynamicPanoramaInjection", "DynamicPanoramaInjection\DynamicPanoramaInjection.vcxproj", "{CB656FA3-0DB4-46CF-8A0F-84623981B986}"
EndProject
Global
	GlobalSection(SolutionConfigurationPlatforms) = preSolution
		Debug|x64 = Debug|x64
		Debug|x86 = Debug|x86
		Release|x64 = Release|x64
		Release|x86 = Release|x86
	EndGlobalSection
	GlobalSection(ProjectConfigurationPlatforms) = postSolution
		{CB656FA3-0DB4-46CF-8A0F-84623981B986}.Debug|x64.ActiveCfg = Debug|x64
		{CB656FA3-0DB4-46CF-8A0F-84623981B986}.Debug|x64.Build.0 = Debug|x64
		{CB656FA3-0DB4-46CF-8A0F-84623981B986}.Debug|x86.ActiveCfg = Debug|Win32
		{CB656FA3-0DB4-46CF-8A0F-84623981B986}.Debug|x86.Build.0 = Debug|Win32
		{CB656FA3-0DB4-46CF-8A0F-84623981B986}.Release|x64.ActiveCfg = Release|x64
		{CB656FA3-0DB4-46CF-8A0F-84623981B986}.Release|x64.Build.0 = Release|x64
		{CB656FA3-0DB4-46CF-8A0F-84623981B986}.Release|x86.ActiveCfg = Release|Win32
		{CB656FA3-0DB4-46CF-8A0F-84623981B986}.Release|x86.Build.0 = Release|Win32
	EndGlobalSection
	GlobalSection(SolutionProperties) = preSolution
		HideSolutionNode = FALSE
	EndGlobalSection
	GlobalSection(ExtensibilityGlobals) = postSolution
		SolutionGuid = {1FE624AD-A891-47E7-AA44-CE9B2A856B60}
	EndGlobalSection
EndGlobal
